
Microsoft Visual Studio Solution File, Format Version 10.00
# Visual Studio 2008
Project("{2150E333-8FDC-42A3-9474-1A3956D46DE8}") = "01. Kernel", "01. Kernel", "{9BC3BA70-7C40-4AC5-8658-1416418E2BF7}"
EndProject
Project("{8BC9CEB8-8B4A-11D0-8D11-00A0C91BC942}") = "UICtrls", "UISDK\Project\UICtrls\UICtrls.vcproj", "{A04EE44B-3263-42AE-97C3-1F394294D569}"
	ProjectSection(ProjectDependencies) = postProject
		{0C58D90D-34EF-4399-BCEF-F6C3A0F9A101} = {0C58D90D-34EF-4399-BCEF-F6C3A0F9A101}
		{975DDB56-BA3F-4E91-B9DE-569D0976B04D} = {975DDB56-BA3F-4E91-B9DE-569D0976B04D}
	EndProjectSection
EndProject
Project("{2150E333-8FDC-42A3-9474-1A3956D46DE8}") = "02. App", "02. App", "{3ADCFD35-9F9F-41EC-AA54-6F7E6431AAA7}"
EndProject
Project("{8BC9CEB8-8B4A-11D0-8D11-00A0C91BC942}") = "UIUtil", "UISDK\Project\UIUtil\UIUtil.vcproj", "{975DDB56-BA3F-4E91-B9DE-569D0976B04D}"
EndProject
Project("{8BC9CEB8-8B4A-11D0-8D11-00A0C91BC942}") = "UILog", "UISDK\Project\UILog\UILog.vcproj", "{0C58D90D-34EF-4399-BCEF-F6C3A0F9A101}"
	ProjectSection(ProjectDependencies) = postProject
		{975DDB56-BA3F-4E91-B9DE-569D0976B04D} = {975DDB56-BA3F-4E91-B9DE-569D0976B04D}
	EndProjectSection
EndProject
Project("{8BC9CEB8-8B4A-11D0-8D11-00A0C91BC942}") = "ControlDemo", "App\ControlDemo\ControlDemo.vcproj", "{1EB7160C-6258-4C34-895D-D71D0ACC2D8F}"
	ProjectSection(ProjectDependencies) = postProject
		{A04EE44B-3263-42AE-97C3-1F394294D569} = {A04EE44B-3263-42AE-97C3-1F394294D569}
		{BA083289-8EFB-4119-ACBF-84B82553F394} = {BA083289-8EFB-4119-ACBF-84B82553F394}
		{F41BA2FC-7E07-4468-9D3C-82C44D0C37B9} = {F41BA2FC-7E07-4468-9D3C-82C44D0C37B9}
	EndProjectSection
EndProject
Project("{2150E333-8FDC-42A3-9474-1A3956D46DE8}") = "Player", "Player", "{B4AD4B69-A103-4A9A-BE03-1686718A3BE6}"
EndProject
Project("{8BC9CEB8-8B4A-11D0-8D11-00A0C91BC942}") = "Player_UI", "App\Player\Player_UI\Player_UI.vcproj", "{0FF607A6-684C-4C95-A8CF-C3A096268AFB}"
	ProjectSection(ProjectDependencies) = postProject
		{DCA81638-42A8-4007-BD48-B443186047BB} = {DCA81638-42A8-4007-BD48-B443186047BB}
		{BA083289-8EFB-4119-ACBF-84B82553F394} = {BA083289-8EFB-4119-ACBF-84B82553F394}
	EndProjectSection
EndProject
Project("{8BC9CEB8-8B4A-11D0-8D11-00A0C91BC942}") = "Player_Sound", "App\Player\Player_Sound\Player_Sound.vcproj", "{DCA81638-42A8-4007-BD48-B443186047BB}"
EndProject
Project("{8BC9CEB8-8B4A-11D0-8D11-00A0C91BC942}") = "Player_Ctrls", "App\Player\Player_Ctrls\Player_Ctrls.vcproj", "{BA083289-8EFB-4119-ACBF-84B82553F394}"
	ProjectSection(ProjectDependencies) = postProject
		{A04EE44B-3263-42AE-97C3-1F394294D569} = {A04EE44B-3263-42AE-97C3-1F394294D569}
	EndProjectSection
EndProject
Project("{2150E333-8FDC-42A3-9474-1A3956D46DE8}") = "IM", "IM", "{097930A5-DB84-45F5-9670-FE2EAE25DB39}"
EndProject
Project("{8BC9CEB8-8B4A-11D0-8D11-00A0C91BC942}") = "IM_Ctrls", "App\IM\IM_Ctrls\IM_Ctrls.vcproj", "{F41BA2FC-7E07-4468-9D3C-82C44D0C37B9}"
	ProjectSection(ProjectDependencies) = postProject
		{A04EE44B-3263-42AE-97C3-1F394294D569} = {A04EE44B-3263-42AE-97C3-1F394294D569}
	EndProjectSection
EndProject
Project("{8BC9CEB8-8B4A-11D0-8D11-00A0C91BC942}") = "IM_UI", "App\IM\IM_UI\IM_UI.vcproj", "{06CD7CA8-D176-4FAC-B45A-094CAD89AE1E}"
	ProjectSection(ProjectDependencies) = postProject
		{F41BA2FC-7E07-4468-9D3C-82C44D0C37B9} = {F41BA2FC-7E07-4468-9D3C-82C44D0C37B9}
	EndProjectSection
EndProject
Project("{2150E333-8FDC-42A3-9474-1A3956D46DE8}") = "03. Tools", "03. Tools", "{D203210E-4190-420D-8236-60C92E64D952}"
EndProject
Global
	GlobalSection(SolutionConfigurationPlatforms) = preSolution
		Debug|Win32 = Debug|Win32
		Release|Win32 = Release|Win32
	EndGlobalSection
	GlobalSection(ProjectConfigurationPlatforms) = postSolution
		{A04EE44B-3263-42AE-97C3-1F394294D569}.Debug|Win32.ActiveCfg = Debug|Win32
		{A04EE44B-3263-42AE-97C3-1F394294D569}.Debug|Win32.Build.0 = Debug|Win32
		{A04EE44B-3263-42AE-97C3-1F394294D569}.Release|Win32.ActiveCfg = Release|Win32
		{A04EE44B-3263-42AE-97C3-1F394294D569}.Release|Win32.Build.0 = Release|Win32
		{975DDB56-BA3F-4E91-B9DE-569D0976B04D}.Debug|Win32.ActiveCfg = Debug|Win32
		{975DDB56-BA3F-4E91-B9DE-569D0976B04D}.Debug|Win32.Build.0 = Debug|Win32
		{975DDB56-BA3F-4E91-B9DE-569D0976B04D}.Release|Win32.ActiveCfg = Release|Win32
		{975DDB56-BA3F-4E91-B9DE-569D0976B04D}.Release|Win32.Build.0 = Release|Win32
		{0C58D90D-34EF-4399-BCEF-F6C3A0F9A101}.Debug|Win32.ActiveCfg = Debug|Win32
		{0C58D90D-34EF-4399-BCEF-F6C3A0F9A101}.Debug|Win32.Build.0 = Debug|Win32
		{0C58D90D-34EF-4399-BCEF-F6C3A0F9A101}.Release|Win32.ActiveCfg = Release|Win32
		{0C58D90D-34EF-4399-BCEF-F6C3A0F9A101}.Release|Win32.Build.0 = Release|Win32
		{1EB7160C-6258-4C34-895D-D71D0ACC2D8F}.Debug|Win32.ActiveCfg = Debug|Win32
		{1EB7160C-6258-4C34-895D-D71D0ACC2D8F}.Debug|Win32.Build.0 = Debug|Win32
		{1EB7160C-6258-4C34-895D-D71D0ACC2D8F}.Release|Win32.ActiveCfg = Release|Win32
		{1EB7160C-6258-4C34-895D-D71D0ACC2D8F}.Release|Win32.Build.0 = Release|Win32
		{0FF607A6-684C-4C95-A8CF-C3A096268AFB}.Debug|Win32.ActiveCfg = Debug|Win32
		{0FF607A6-684C-4C95-A8CF-C3A096268AFB}.Debug|Win32.Build.0 = Debug|Win32
		{0FF607A6-684C-4C95-A8CF-C3A096268AFB}.Release|Win32.ActiveCfg = Release|Win32
		{0FF607A6-684C-4C95-A8CF-C3A096268AFB}.Release|Win32.Build.0 = Release|Win32
		{DCA81638-42A8-4007-BD48-B443186047BB}.Debug|Win32.ActiveCfg = Debug|Win32
		{DCA81638-42A8-4007-BD48-B443186047BB}.Debug|Win32.Build.0 = Debug|Win32
		{DCA81638-42A8-4007-BD48-B443186047BB}.Release|Win32.ActiveCfg = Release|Win32
		{DCA81638-42A8-4007-BD48-B443186047BB}.Release|Win32.Build.0 = Release|Win32
		{BA083289-8EFB-4119-ACBF-84B82553F394}.Debug|Win32.ActiveCfg = Debug|Win32
		{BA083289-8EFB-4119-ACBF-84B82553F394}.Debug|Win32.Build.0 = Debug|Win32
		{BA083289-8EFB-4119-ACBF-84B82553F394}.Release|Win32.ActiveCfg = Release|Win32
		{BA083289-8EFB-4119-ACBF-84B82553F394}.Release|Win32.Build.0 = Release|Win32
		{F41BA2FC-7E07-4468-9D3C-82C44D0C37B9}.Debug|Win32.ActiveCfg = Debug|Win32
		{F41BA2FC-7E07-4468-9D3C-82C44D0C37B9}.Debug|Win32.Build.0 = Debug|Win32
		{F41BA2FC-7E07-4468-9D3C-82C44D0C37B9}.Release|Win32.ActiveCfg = Release|Win32
		{F41BA2FC-7E07-4468-9D3C-82C44D0C37B9}.Release|Win32.Build.0 = Release|Win32
		{06CD7CA8-D176-4FAC-B45A-094CAD89AE1E}.Debug|Win32.ActiveCfg = Debug|Win32
		{06CD7CA8-D176-4FAC-B45A-094CAD89AE1E}.Debug|Win32.Build.0 = Debug|Win32
		{06CD7CA8-D176-4FAC-B45A-094CAD89AE1E}.Release|Win32.ActiveCfg = Release|Win32
		{06CD7CA8-D176-4FAC-B45A-094CAD89AE1E}.Release|Win32.Build.0 = Release|Win32
	EndGlobalSection
	GlobalSection(SolutionProperties) = preSolution
		HideSolutionNode = FALSE
	EndGlobalSection
	GlobalSection(NestedProjects) = preSolution
		{A04EE44B-3263-42AE-97C3-1F394294D569} = {9BC3BA70-7C40-4AC5-8658-1416418E2BF7}
		{975DDB56-BA3F-4E91-B9DE-569D0976B04D} = {9BC3BA70-7C40-4AC5-8658-1416418E2BF7}
		{0C58D90D-34EF-4399-BCEF-F6C3A0F9A101} = {9BC3BA70-7C40-4AC5-8658-1416418E2BF7}
		{1EB7160C-6258-4C34-895D-D71D0ACC2D8F} = {3ADCFD35-9F9F-41EC-AA54-6F7E6431AAA7}
		{B4AD4B69-A103-4A9A-BE03-1686718A3BE6} = {3ADCFD35-9F9F-41EC-AA54-6F7E6431AAA7}
		{097930A5-DB84-45F5-9670-FE2EAE25DB39} = {3ADCFD35-9F9F-41EC-AA54-6F7E6431AAA7}
		{0FF607A6-684C-4C95-A8CF-C3A096268AFB} = {B4AD4B69-A103-4A9A-BE03-1686718A3BE6}
		{DCA81638-42A8-4007-BD48-B443186047BB} = {B4AD4B69-A103-4A9A-BE03-1686718A3BE6}
		{BA083289-8EFB-4119-ACBF-84B82553F394} = {B4AD4B69-A103-4A9A-BE03-1686718A3BE6}
		{F41BA2FC-7E07-4468-9D3C-82C44D0C37B9} = {097930A5-DB84-45F5-9670-FE2EAE25DB39}
		{06CD7CA8-D176-4FAC-B45A-094CAD89AE1E} = {097930A5-DB84-45F5-9670-FE2EAE25DB39}
	EndGlobalSection
EndGlobal
