
Microsoft Visual Studio Solution File, Format Version 10.00
# Visual Studio 2008
Project("{2150E333-8FDC-42A3-9474-1A3956D46DE8}") = "01. UIKernel", "01. UIKernel", "{9BC3BA70-7C40-4AC5-8658-1416418E2BF7}"
EndProject
Project("{8BC9CEB8-8B4A-11D0-8D11-00A0C91BC942}") = "UISDK", "UISDK\Project\UIDLL\UIDLL.vcproj", "{22E7B19A-E31D-4C3B-9F15-D81503356FBD}"
	ProjectSection(ProjectDependencies) = postProject
		{0C58D90D-34EF-4399-BCEF-F6C3A0F9A101} = {0C58D90D-34EF-4399-BCEF-F6C3A0F9A101}
		{975DDB56-BA3F-4E91-B9DE-569D0976B04D} = {975DDB56-BA3F-4E91-B9DE-569D0976B04D}
	EndProjectSection
EndProject
Project("{8BC9CEB8-8B4A-11D0-8D11-00A0C91BC942}") = "UICtrls", "UISDK\Project\UICtrls\UICtrls.vcproj", "{A04EE44B-3263-42AE-97C3-1F394294D569}"
	ProjectSection(ProjectDependencies) = postProject
		{22E7B19A-E31D-4C3B-9F15-D81503356FBD} = {22E7B19A-E31D-4C3B-9F15-D81503356FBD}
	EndProjectSection
EndProject
Project("{2150E333-8FDC-42A3-9474-1A3956D46DE8}") = "02. App", "02. App", "{3ADCFD35-9F9F-41EC-AA54-6F7E6431AAA7}"
EndProject
Project("{8BC9CEB8-8B4A-11D0-8D11-00A0C91BC942}") = "UIUtil", "UISDK\Project\UIUtil\UIUtil.vcproj", "{975DDB56-BA3F-4E91-B9DE-569D0976B04D}"
EndProject
Project("{8BC9CEB8-8B4A-11D0-8D11-00A0C91BC942}") = "UILog", "UISDK\Project\UILog\UILog.vcproj", "{0C58D90D-34EF-4399-BCEF-F6C3A0F9A101}"
	ProjectSection(ProjectDependencies) = postProject
		{975DDB56-BA3F-4E91-B9DE-569D0976B04D} = {975DDB56-BA3F-4E91-B9DE-569D0976B04D}
	EndProjectSection
EndProject
Project("{8BC9CEB8-8B4A-11D0-8D11-00A0C91BC942}") = "Demo", "App\ControlDemo\ControlDemo.vcproj", "{1EB7160C-6258-4C34-895D-D71D0ACC2D8F}"
	ProjectSection(ProjectDependencies) = postProject
		{A04EE44B-3263-42AE-97C3-1F394294D569} = {A04EE44B-3263-42AE-97C3-1F394294D569}
		{22E7B19A-E31D-4C3B-9F15-D81503356FBD} = {22E7B19A-E31D-4C3B-9F15-D81503356FBD}
	EndProjectSection
EndProject
Project("{2150E333-8FDC-42A3-9474-1A3956D46DE8}") = "Player", "Player", "{B4AD4B69-A103-4A9A-BE03-1686718A3BE6}"
EndProject
Project("{8BC9CEB8-8B4A-11D0-8D11-00A0C91BC942}") = "Player_UI", "App\Player\Player_UI\Player_UI.vcproj", "{0FF607A6-684C-4C95-A8CF-C3A096268AFB}"
	ProjectSection(ProjectDependencies) = postProject
		{DCA81638-42A8-4007-BD48-B443186047BB} = {DCA81638-42A8-4007-BD48-B443186047BB}
		{BA083289-8EFB-4119-ACBF-84B82553F394} = {BA083289-8EFB-4119-ACBF-84B82553F394}
	EndProjectSection
EndProject
Project("{8BC9CEB8-8B4A-11D0-8D11-00A0C91BC942}") = "Player_Sound", "App\Player\Player_Sound\Player_Sound.vcproj", "{DCA81638-42A8-4007-BD48-B443186047BB}"
EndProject
Project("{8BC9CEB8-8B4A-11D0-8D11-00A0C91BC942}") = "Player_Ctrls", "App\Player\Player_Ctrls\Player_Ctrls.vcproj", "{BA083289-8EFB-4119-ACBF-84B82553F394}"
	ProjectSection(ProjectDependencies) = postProject
		{A04EE44B-3263-42AE-97C3-1F394294D569} = {A04EE44B-3263-42AE-97C3-1F394294D569}
	EndProjectSection
EndProject
Project("{2150E333-8FDC-42A3-9474-1A3956D46DE8}") = "IM", "IM", "{097930A5-DB84-45F5-9670-FE2EAE25DB39}"
EndProject
Project("{8BC9CEB8-8B4A-11D0-8D11-00A0C91BC942}") = "IM_Ctrls", "App\IM\IM_Ctrls\IM_Ctrls.vcproj", "{F41BA2FC-7E07-4468-9D3C-82C44D0C37B9}"
	ProjectSection(ProjectDependencies) = postProject
		{A04EE44B-3263-42AE-97C3-1F394294D569} = {A04EE44B-3263-42AE-97C3-1F394294D569}
	EndProjectSection
EndProject
Project("{2150E333-8FDC-42A3-9474-1A3956D46DE8}") = "03. Tools", "03. Tools", "{D203210E-4190-420D-8236-60C92E64D952}"
EndProject
Project("{8BC9CEB8-8B4A-11D0-8D11-00A0C91BC942}") = "gft_2_png", "Tools\gft_2_png\gft_2_png.vcproj", "{807D8F0B-BB15-4E1F-82B6-51500352582D}"
EndProject
Project("{8BC9CEB8-8B4A-11D0-8D11-00A0C91BC942}") = "imagemergetools", "Tools\imagemergetools\imagemergetools.vcproj", "{A42E1207-8C66-4847-AE5A-0DFAF0A34B79}"
	ProjectSection(ProjectDependencies) = postProject
		{22E7B19A-E31D-4C3B-9F15-D81503356FBD} = {22E7B19A-E31D-4C3B-9F15-D81503356FBD}
	EndProjectSection
EndProject
Project("{8BC9CEB8-8B4A-11D0-8D11-00A0C91BC942}") = "UIEditor", "UISDK\Project\UIEditor\UIEditor.vcproj", "{51A58115-5A39-413D-926D-A7A5ADEE84C2}"
	ProjectSection(ProjectDependencies) = postProject
		{A04EE44B-3263-42AE-97C3-1F394294D569} = {A04EE44B-3263-42AE-97C3-1F394294D569}
		{22E7B19A-E31D-4C3B-9F15-D81503356FBD} = {22E7B19A-E31D-4C3B-9F15-D81503356FBD}
	EndProjectSection
EndProject
Project("{8BC9CEB8-8B4A-11D0-8D11-00A0C91BC942}") = "HourGlass", "App\HourGlass\HourGlass.vcproj", "{0ECE66AA-3BC7-4868-9057-AF15AD774AF5}"
	ProjectSection(ProjectDependencies) = postProject
		{A04EE44B-3263-42AE-97C3-1F394294D569} = {A04EE44B-3263-42AE-97C3-1F394294D569}
	EndProjectSection
EndProject
Project("{8BC9CEB8-8B4A-11D0-8D11-00A0C91BC942}") = "IM", "App\IM\FrameWork\exe\IM.vcproj", "{1CB0217B-807C-43D9-ACA9-8B568AD398D7}"
	ProjectSection(ProjectDependencies) = postProject
		{99D83411-F4D9-4DBC-AC3E-0194A92B1EA3} = {99D83411-F4D9-4DBC-AC3E-0194A92B1EA3}
	EndProjectSection
EndProject
Project("{8BC9CEB8-8B4A-11D0-8D11-00A0C91BC942}") = "framework", "App\IM\FrameWork\framework\framework.vcproj", "{99D83411-F4D9-4DBC-AC3E-0194A92B1EA3}"
	ProjectSection(ProjectDependencies) = postProject
		{F41BA2FC-7E07-4468-9D3C-82C44D0C37B9} = {F41BA2FC-7E07-4468-9D3C-82C44D0C37B9}
	EndProjectSection
EndProject
Project("{2150E333-8FDC-42A3-9474-1A3956D46DE8}") = "02. Module", "02. Module", "{2A11BC64-863C-4EB5-A675-6BF324D871BC}"
EndProject
Project("{2150E333-8FDC-42A3-9474-1A3956D46DE8}") = "01. Framework", "01. Framework", "{C6CEA7BA-D4E7-4E4B-BB2B-F4A78F5D8E5D}"
EndProject
Project("{2150E333-8FDC-42A3-9474-1A3956D46DE8}") = "03. UI", "03. UI", "{3FFE0079-74BD-4108-A788-35BF1D26AFD0}"
EndProject
Project("{2150E333-8FDC-42A3-9474-1A3956D46DE8}") = "04. Include", "04. Include", "{7A99B82E-0A07-40EE-887A-64BEE0CF74A9}"
	ProjectSection(SolutionItems) = preProject
		App\IM\include\config_inc.h = App\IM\include\config_inc.h
		App\IM\include\framework_inc.h = App\IM\include\framework_inc.h
		App\IM\include\function.h = App\IM\include\function.h
		App\IM\include\login_inc.h = App\IM\include\login_inc.h
		App\IM\include\main_inc.h = App\IM\include\main_inc.h
		App\IM\include\privatechat_inc.h = App\IM\include\privatechat_inc.h
		App\IM\include\skin_inc.h = App\IM\include\skin_inc.h
		App\IM\include\task.h = App\IM\include\task.h
	EndProjectSection
EndProject
Project("{8BC9CEB8-8B4A-11D0-8D11-00A0C91BC942}") = "Login", "App\IM\Module\Login\Login.vcproj", "{B729BD1C-A9FB-4BED-9B62-0FD2187172E2}"
	ProjectSection(ProjectDependencies) = postProject
		{99D83411-F4D9-4DBC-AC3E-0194A92B1EA3} = {99D83411-F4D9-4DBC-AC3E-0194A92B1EA3}
	EndProjectSection
EndProject
Project("{8BC9CEB8-8B4A-11D0-8D11-00A0C91BC942}") = "Main", "App\IM\Module\Main\Main.vcproj", "{DEC0B270-CB24-459E-BA3B-08D646C50E9B}"
	ProjectSection(ProjectDependencies) = postProject
		{99D83411-F4D9-4DBC-AC3E-0194A92B1EA3} = {99D83411-F4D9-4DBC-AC3E-0194A92B1EA3}
	EndProjectSection
EndProject
Project("{8BC9CEB8-8B4A-11D0-8D11-00A0C91BC942}") = "Skin", "App\IM\Module\Skin\Skin.vcproj", "{4C9350F7-2B9B-49C4-9A45-21F3DBF845AD}"
	ProjectSection(ProjectDependencies) = postProject
		{99D83411-F4D9-4DBC-AC3E-0194A92B1EA3} = {99D83411-F4D9-4DBC-AC3E-0194A92B1EA3}
	EndProjectSection
EndProject
Project("{8BC9CEB8-8B4A-11D0-8D11-00A0C91BC942}") = "PrivateChat", "App\IM\Module\PrivateChat\PrivateChat.vcproj", "{AC8B406A-6712-4F91-96EC-6E1213B96EC9}"
	ProjectSection(ProjectDependencies) = postProject
		{99D83411-F4D9-4DBC-AC3E-0194A92B1EA3} = {99D83411-F4D9-4DBC-AC3E-0194A92B1EA3}
	EndProjectSection
EndProject
Project("{8BC9CEB8-8B4A-11D0-8D11-00A0C91BC942}") = "TrayIcon", "App\IM\Module\TrayIcon\TrayIcon.vcproj", "{214FCE64-7F57-4BC9-819B-B709858F7BB7}"
	ProjectSection(ProjectDependencies) = postProject
		{99D83411-F4D9-4DBC-AC3E-0194A92B1EA3} = {99D83411-F4D9-4DBC-AC3E-0194A92B1EA3}
	EndProjectSection
EndProject
Project("{8BC9CEB8-8B4A-11D0-8D11-00A0C91BC942}") = "Config", "App\IM\Module\Config\Config.vcproj", "{BBEB889B-F2D8-49B1-B09F-AAE1E9E20DA4}"
	ProjectSection(ProjectDependencies) = postProject
		{99D83411-F4D9-4DBC-AC3E-0194A92B1EA3} = {99D83411-F4D9-4DBC-AC3E-0194A92B1EA3}
	EndProjectSection
EndProject
Project("{2150E333-8FDC-42A3-9474-1A3956D46DE8}") = "06. Skin", "06. Skin", "{0E4CA33A-AF8F-474F-B60C-C6612B0F014E}"
	ProjectSection(SolutionItems) = preProject
		Bin\Debug\IM\Skin\2012\changeskin_dlg.xml = Bin\Debug\IM\Skin\2012\changeskin_dlg.xml
		Bin\Debug\IM\Skin\2012\chat_dlg.xml = Bin\Debug\IM\Skin\2012\chat_dlg.xml
		Bin\Debug\IM\Skin\2012\contactmgr_dlg.xml = Bin\Debug\IM\Skin\2012\contactmgr_dlg.xml
		Bin\Debug\IM\Skin\2012\login_dlg.xml = Bin\Debug\IM\Skin\2012\login_dlg.xml
		Bin\Debug\IM\Skin\2012\main_dlg.xml = Bin\Debug\IM\Skin\2012\main_dlg.xml
		Bin\Debug\IM\Skin\2012\res.xml = Bin\Debug\IM\Skin\2012\res.xml
		Bin\Debug\IM\Skin\2012\skin.xml = Bin\Debug\IM\Skin\2012\skin.xml
	EndProjectSection
EndProject
Project("{2150E333-8FDC-42A3-9474-1A3956D46DE8}") = "05. Plugin", "05. Plugin", "{2920F75C-52CF-4744-B7A0-38172DD209F8}"
EndProject
Project("{8BC9CEB8-8B4A-11D0-8D11-00A0C91BC942}") = "Mail", "App\IM\Plugin\Mail\Mail.vcproj", "{3D7F8695-A0B9-4324-B707-12D73124FA96}"
	ProjectSection(ProjectDependencies) = postProject
		{99D83411-F4D9-4DBC-AC3E-0194A92B1EA3} = {99D83411-F4D9-4DBC-AC3E-0194A92B1EA3}
	EndProjectSection
EndProject
Global
	GlobalSection(SolutionConfigurationPlatforms) = preSolution
		Debug|Win32 = Debug|Win32
		Release|Win32 = Release|Win32
	EndGlobalSection
	GlobalSection(ProjectConfigurationPlatforms) = postSolution
		{22E7B19A-E31D-4C3B-9F15-D81503356FBD}.Debug|Win32.ActiveCfg = Debug|Win32
		{22E7B19A-E31D-4C3B-9F15-D81503356FBD}.Debug|Win32.Build.0 = Debug|Win32
		{22E7B19A-E31D-4C3B-9F15-D81503356FBD}.Release|Win32.ActiveCfg = Release|Win32
		{22E7B19A-E31D-4C3B-9F15-D81503356FBD}.Release|Win32.Build.0 = Release|Win32
		{A04EE44B-3263-42AE-97C3-1F394294D569}.Debug|Win32.ActiveCfg = Debug|Win32
		{A04EE44B-3263-42AE-97C3-1F394294D569}.Debug|Win32.Build.0 = Debug|Win32
		{A04EE44B-3263-42AE-97C3-1F394294D569}.Release|Win32.ActiveCfg = Release|Win32
		{A04EE44B-3263-42AE-97C3-1F394294D569}.Release|Win32.Build.0 = Release|Win32
		{975DDB56-BA3F-4E91-B9DE-569D0976B04D}.Debug|Win32.ActiveCfg = Debug|Win32
		{975DDB56-BA3F-4E91-B9DE-569D0976B04D}.Debug|Win32.Build.0 = Debug|Win32
		{975DDB56-BA3F-4E91-B9DE-569D0976B04D}.Release|Win32.ActiveCfg = Release|Win32
		{975DDB56-BA3F-4E91-B9DE-569D0976B04D}.Release|Win32.Build.0 = Release|Win32
		{0C58D90D-34EF-4399-BCEF-F6C3A0F9A101}.Debug|Win32.ActiveCfg = Debug|Win32
		{0C58D90D-34EF-4399-BCEF-F6C3A0F9A101}.Debug|Win32.Build.0 = Debug|Win32
		{0C58D90D-34EF-4399-BCEF-F6C3A0F9A101}.Release|Win32.ActiveCfg = Release|Win32
		{0C58D90D-34EF-4399-BCEF-F6C3A0F9A101}.Release|Win32.Build.0 = Release|Win32
		{1EB7160C-6258-4C34-895D-D71D0ACC2D8F}.Debug|Win32.ActiveCfg = Debug|Win32
		{1EB7160C-6258-4C34-895D-D71D0ACC2D8F}.Debug|Win32.Build.0 = Debug|Win32
		{1EB7160C-6258-4C34-895D-D71D0ACC2D8F}.Release|Win32.ActiveCfg = Release|Win32
		{1EB7160C-6258-4C34-895D-D71D0ACC2D8F}.Release|Win32.Build.0 = Release|Win32
		{0FF607A6-684C-4C95-A8CF-C3A096268AFB}.Debug|Win32.ActiveCfg = Debug|Win32
		{0FF607A6-684C-4C95-A8CF-C3A096268AFB}.Debug|Win32.Build.0 = Debug|Win32
		{0FF607A6-684C-4C95-A8CF-C3A096268AFB}.Release|Win32.ActiveCfg = Release|Win32
		{0FF607A6-684C-4C95-A8CF-C3A096268AFB}.Release|Win32.Build.0 = Release|Win32
		{DCA81638-42A8-4007-BD48-B443186047BB}.Debug|Win32.ActiveCfg = Debug|Win32
		{DCA81638-42A8-4007-BD48-B443186047BB}.Debug|Win32.Build.0 = Debug|Win32
		{DCA81638-42A8-4007-BD48-B443186047BB}.Release|Win32.ActiveCfg = Release|Win32
		{DCA81638-42A8-4007-BD48-B443186047BB}.Release|Win32.Build.0 = Release|Win32
		{BA083289-8EFB-4119-ACBF-84B82553F394}.Debug|Win32.ActiveCfg = Debug|Win32
		{BA083289-8EFB-4119-ACBF-84B82553F394}.Debug|Win32.Build.0 = Debug|Win32
		{BA083289-8EFB-4119-ACBF-84B82553F394}.Release|Win32.ActiveCfg = Release|Win32
		{BA083289-8EFB-4119-ACBF-84B82553F394}.Release|Win32.Build.0 = Release|Win32
		{F41BA2FC-7E07-4468-9D3C-82C44D0C37B9}.Debug|Win32.ActiveCfg = Debug|Win32
		{F41BA2FC-7E07-4468-9D3C-82C44D0C37B9}.Debug|Win32.Build.0 = Debug|Win32
		{F41BA2FC-7E07-4468-9D3C-82C44D0C37B9}.Release|Win32.ActiveCfg = Release|Win32
		{F41BA2FC-7E07-4468-9D3C-82C44D0C37B9}.Release|Win32.Build.0 = Release|Win32
		{807D8F0B-BB15-4E1F-82B6-51500352582D}.Debug|Win32.ActiveCfg = Debug|Win32
		{807D8F0B-BB15-4E1F-82B6-51500352582D}.Debug|Win32.Build.0 = Debug|Win32
		{807D8F0B-BB15-4E1F-82B6-51500352582D}.Release|Win32.ActiveCfg = Release|Win32
		{807D8F0B-BB15-4E1F-82B6-51500352582D}.Release|Win32.Build.0 = Release|Win32
		{A42E1207-8C66-4847-AE5A-0DFAF0A34B79}.Debug|Win32.ActiveCfg = Debug|Win32
		{A42E1207-8C66-4847-AE5A-0DFAF0A34B79}.Debug|Win32.Build.0 = Debug|Win32
		{A42E1207-8C66-4847-AE5A-0DFAF0A34B79}.Release|Win32.ActiveCfg = Release|Win32
		{A42E1207-8C66-4847-AE5A-0DFAF0A34B79}.Release|Win32.Build.0 = Release|Win32
		{51A58115-5A39-413D-926D-A7A5ADEE84C2}.Debug|Win32.ActiveCfg = Debug|Win32
		{51A58115-5A39-413D-926D-A7A5ADEE84C2}.Debug|Win32.Build.0 = Debug|Win32
		{51A58115-5A39-413D-926D-A7A5ADEE84C2}.Release|Win32.ActiveCfg = Release|Win32
		{51A58115-5A39-413D-926D-A7A5ADEE84C2}.Release|Win32.Build.0 = Release|Win32
		{0ECE66AA-3BC7-4868-9057-AF15AD774AF5}.Debug|Win32.ActiveCfg = Debug|Win32
		{0ECE66AA-3BC7-4868-9057-AF15AD774AF5}.Debug|Win32.Build.0 = Debug|Win32
		{0ECE66AA-3BC7-4868-9057-AF15AD774AF5}.Release|Win32.ActiveCfg = Release|Win32
		{0ECE66AA-3BC7-4868-9057-AF15AD774AF5}.Release|Win32.Build.0 = Release|Win32
		{1CB0217B-807C-43D9-ACA9-8B568AD398D7}.Debug|Win32.ActiveCfg = Debug|Win32
		{1CB0217B-807C-43D9-ACA9-8B568AD398D7}.Debug|Win32.Build.0 = Debug|Win32
		{1CB0217B-807C-43D9-ACA9-8B568AD398D7}.Release|Win32.ActiveCfg = Release|Win32
		{1CB0217B-807C-43D9-ACA9-8B568AD398D7}.Release|Win32.Build.0 = Release|Win32
		{99D83411-F4D9-4DBC-AC3E-0194A92B1EA3}.Debug|Win32.ActiveCfg = Debug|Win32
		{99D83411-F4D9-4DBC-AC3E-0194A92B1EA3}.Debug|Win32.Build.0 = Debug|Win32
		{99D83411-F4D9-4DBC-AC3E-0194A92B1EA3}.Release|Win32.ActiveCfg = Release|Win32
		{99D83411-F4D9-4DBC-AC3E-0194A92B1EA3}.Release|Win32.Build.0 = Release|Win32
		{B729BD1C-A9FB-4BED-9B62-0FD2187172E2}.Debug|Win32.ActiveCfg = Debug|Win32
		{B729BD1C-A9FB-4BED-9B62-0FD2187172E2}.Debug|Win32.Build.0 = Debug|Win32
		{B729BD1C-A9FB-4BED-9B62-0FD2187172E2}.Release|Win32.ActiveCfg = Release|Win32
		{B729BD1C-A9FB-4BED-9B62-0FD2187172E2}.Release|Win32.Build.0 = Release|Win32
		{DEC0B270-CB24-459E-BA3B-08D646C50E9B}.Debug|Win32.ActiveCfg = Debug|Win32
		{DEC0B270-CB24-459E-BA3B-08D646C50E9B}.Debug|Win32.Build.0 = Debug|Win32
		{DEC0B270-CB24-459E-BA3B-08D646C50E9B}.Release|Win32.ActiveCfg = Release|Win32
		{DEC0B270-CB24-459E-BA3B-08D646C50E9B}.Release|Win32.Build.0 = Release|Win32
		{4C9350F7-2B9B-49C4-9A45-21F3DBF845AD}.Debug|Win32.ActiveCfg = Debug|Win32
		{4C9350F7-2B9B-49C4-9A45-21F3DBF845AD}.Debug|Win32.Build.0 = Debug|Win32
		{4C9350F7-2B9B-49C4-9A45-21F3DBF845AD}.Release|Win32.ActiveCfg = Release|Win32
		{4C9350F7-2B9B-49C4-9A45-21F3DBF845AD}.Release|Win32.Build.0 = Release|Win32
		{AC8B406A-6712-4F91-96EC-6E1213B96EC9}.Debug|Win32.ActiveCfg = Debug|Win32
		{AC8B406A-6712-4F91-96EC-6E1213B96EC9}.Debug|Win32.Build.0 = Debug|Win32
		{AC8B406A-6712-4F91-96EC-6E1213B96EC9}.Release|Win32.ActiveCfg = Release|Win32
		{AC8B406A-6712-4F91-96EC-6E1213B96EC9}.Release|Win32.Build.0 = Release|Win32
		{214FCE64-7F57-4BC9-819B-B709858F7BB7}.Debug|Win32.ActiveCfg = Debug|Win32
		{214FCE64-7F57-4BC9-819B-B709858F7BB7}.Debug|Win32.Build.0 = Debug|Win32
		{214FCE64-7F57-4BC9-819B-B709858F7BB7}.Release|Win32.ActiveCfg = Release|Win32
		{214FCE64-7F57-4BC9-819B-B709858F7BB7}.Release|Win32.Build.0 = Release|Win32
		{BBEB889B-F2D8-49B1-B09F-AAE1E9E20DA4}.Debug|Win32.ActiveCfg = Debug|Win32
		{BBEB889B-F2D8-49B1-B09F-AAE1E9E20DA4}.Debug|Win32.Build.0 = Debug|Win32
		{BBEB889B-F2D8-49B1-B09F-AAE1E9E20DA4}.Release|Win32.ActiveCfg = Release|Win32
		{BBEB889B-F2D8-49B1-B09F-AAE1E9E20DA4}.Release|Win32.Build.0 = Release|Win32
		{3D7F8695-A0B9-4324-B707-12D73124FA96}.Debug|Win32.ActiveCfg = Debug|Win32
		{3D7F8695-A0B9-4324-B707-12D73124FA96}.Debug|Win32.Build.0 = Debug|Win32
		{3D7F8695-A0B9-4324-B707-12D73124FA96}.Release|Win32.ActiveCfg = Release|Win32
		{3D7F8695-A0B9-4324-B707-12D73124FA96}.Release|Win32.Build.0 = Release|Win32
	EndGlobalSection
	GlobalSection(SolutionProperties) = preSolution
		HideSolutionNode = FALSE
	EndGlobalSection
	GlobalSection(NestedProjects) = preSolution
		{22E7B19A-E31D-4C3B-9F15-D81503356FBD} = {9BC3BA70-7C40-4AC5-8658-1416418E2BF7}
		{A04EE44B-3263-42AE-97C3-1F394294D569} = {9BC3BA70-7C40-4AC5-8658-1416418E2BF7}
		{975DDB56-BA3F-4E91-B9DE-569D0976B04D} = {9BC3BA70-7C40-4AC5-8658-1416418E2BF7}
		{0C58D90D-34EF-4399-BCEF-F6C3A0F9A101} = {9BC3BA70-7C40-4AC5-8658-1416418E2BF7}
		{51A58115-5A39-413D-926D-A7A5ADEE84C2} = {9BC3BA70-7C40-4AC5-8658-1416418E2BF7}
		{1EB7160C-6258-4C34-895D-D71D0ACC2D8F} = {3ADCFD35-9F9F-41EC-AA54-6F7E6431AAA7}
		{B4AD4B69-A103-4A9A-BE03-1686718A3BE6} = {3ADCFD35-9F9F-41EC-AA54-6F7E6431AAA7}
		{097930A5-DB84-45F5-9670-FE2EAE25DB39} = {3ADCFD35-9F9F-41EC-AA54-6F7E6431AAA7}
		{0ECE66AA-3BC7-4868-9057-AF15AD774AF5} = {3ADCFD35-9F9F-41EC-AA54-6F7E6431AAA7}
		{0FF607A6-684C-4C95-A8CF-C3A096268AFB} = {B4AD4B69-A103-4A9A-BE03-1686718A3BE6}
		{DCA81638-42A8-4007-BD48-B443186047BB} = {B4AD4B69-A103-4A9A-BE03-1686718A3BE6}
		{BA083289-8EFB-4119-ACBF-84B82553F394} = {B4AD4B69-A103-4A9A-BE03-1686718A3BE6}
		{3FFE0079-74BD-4108-A788-35BF1D26AFD0} = {097930A5-DB84-45F5-9670-FE2EAE25DB39}
		{C6CEA7BA-D4E7-4E4B-BB2B-F4A78F5D8E5D} = {097930A5-DB84-45F5-9670-FE2EAE25DB39}
		{2A11BC64-863C-4EB5-A675-6BF324D871BC} = {097930A5-DB84-45F5-9670-FE2EAE25DB39}
		{7A99B82E-0A07-40EE-887A-64BEE0CF74A9} = {097930A5-DB84-45F5-9670-FE2EAE25DB39}
		{0E4CA33A-AF8F-474F-B60C-C6612B0F014E} = {097930A5-DB84-45F5-9670-FE2EAE25DB39}
		{2920F75C-52CF-4744-B7A0-38172DD209F8} = {097930A5-DB84-45F5-9670-FE2EAE25DB39}
		{F41BA2FC-7E07-4468-9D3C-82C44D0C37B9} = {3FFE0079-74BD-4108-A788-35BF1D26AFD0}
		{807D8F0B-BB15-4E1F-82B6-51500352582D} = {D203210E-4190-420D-8236-60C92E64D952}
		{A42E1207-8C66-4847-AE5A-0DFAF0A34B79} = {D203210E-4190-420D-8236-60C92E64D952}
		{99D83411-F4D9-4DBC-AC3E-0194A92B1EA3} = {C6CEA7BA-D4E7-4E4B-BB2B-F4A78F5D8E5D}
		{1CB0217B-807C-43D9-ACA9-8B568AD398D7} = {C6CEA7BA-D4E7-4E4B-BB2B-F4A78F5D8E5D}
		{B729BD1C-A9FB-4BED-9B62-0FD2187172E2} = {2A11BC64-863C-4EB5-A675-6BF324D871BC}
		{DEC0B270-CB24-459E-BA3B-08D646C50E9B} = {2A11BC64-863C-4EB5-A675-6BF324D871BC}
		{4C9350F7-2B9B-49C4-9A45-21F3DBF845AD} = {2A11BC64-863C-4EB5-A675-6BF324D871BC}
		{AC8B406A-6712-4F91-96EC-6E1213B96EC9} = {2A11BC64-863C-4EB5-A675-6BF324D871BC}
		{214FCE64-7F57-4BC9-819B-B709858F7BB7} = {2A11BC64-863C-4EB5-A675-6BF324D871BC}
		{BBEB889B-F2D8-49B1-B09F-AAE1E9E20DA4} = {2A11BC64-863C-4EB5-A675-6BF324D871BC}
		{3D7F8695-A0B9-4324-B707-12D73124FA96} = {2920F75C-52CF-4744-B7A0-38172DD209F8}
	EndGlobalSection
EndGlobal
