
Microsoft Visual Studio Solution File, Format Version 10.00
# Visual Studio 2008
Project("{8BC9CEB8-8B4A-11D0-8D11-00A0C91BC942}") = "gft_2_png", "gft_2_png.vcproj", "{807D8F0B-BB15-4E1F-82B6-51500352582D}"
EndProject
Global
	GlobalSection(SolutionConfigurationPlatforms) = preSolution
		Debug|Win32 = Debug|Win32
		Release|Win32 = Release|Win32
	EndGlobalSection
	GlobalSection(ProjectConfigurationPlatforms) = postSolution
		{807D8F0B-BB15-4E1F-82B6-51500352582D}.Debug|Win32.ActiveCfg = Debug|Win32
		{807D8F0B-BB15-4E1F-82B6-51500352582D}.Debug|Win32.Build.0 = Debug|Win32
		{807D8F0B-BB15-4E1F-82B6-51500352582D}.Release|Win32.ActiveCfg = Release|Win32
		{807D8F0B-BB15-4E1F-82B6-51500352582D}.Release|Win32.Build.0 = Release|Win32
	EndGlobalSection
	GlobalSection(SolutionProperties) = preSolution
		HideSolutionNode = FALSE
	EndGlobalSection
EndGlobal
